
Microsoft Visual Studio Solution File, Format Version 12.00
# Visual Studio Version 17
VisualStudioVersion = 17.7.34003.232
MinimumVisualStudioVersion = 10.0.40219.1
Project("{FAE04EC0-301F-11D3-BF4B-00C04F79EFBC}") = "jalase 4", "jalase 4.csproj", "{405C4CD9-DC14-4F45-A067-1EC57F3E64EE}"
EndProject
Global
	GlobalSection(SolutionConfigurationPlatforms) = preSolution
		Debug|Any CPU = Debug|Any CPU
		Release|Any CPU = Release|Any CPU
	EndGlobalSection
	GlobalSection(ProjectConfigurationPlatforms) = postSolution
		{405C4CD9-DC14-4F45-A067-1EC57F3E64EE}.Debug|Any CPU.ActiveCfg = Debug|Any CPU
		{405C4CD9-DC14-4F45-A067-1EC57F3E64EE}.Debug|Any CPU.Build.0 = Debug|Any CPU
		{405C4CD9-DC14-4F45-A067-1EC57F3E64EE}.Release|Any CPU.ActiveCfg = Release|Any CPU
		{405C4CD9-DC14-4F45-A067-1EC57F3E64EE}.Release|Any CPU.Build.0 = Release|Any CPU
	EndGlobalSection
	GlobalSection(SolutionProperties) = preSolution
		HideSolutionNode = FALSE
	EndGlobalSection
	GlobalSection(ExtensibilityGlobals) = postSolution
		SolutionGuid = {561B730C-4547-4318-AE15-FE02BA68FCAD}
	EndGlobalSection
EndGlobal
